// !$*UTF8*$!
{
	archiveVersion = 1;
	classes = {
	};
	objectVersion = 46;
	objects = {

/* Begin PBXBuildFile section */
		504998011AC0F7300005307F /* TableVC.m in Sources */ = {isa = PBXBuildFile; fileRef = 504998001AC0F7300005307F /* TableVC.m */; };
		504998041AC0F7650005307F /* SettingVC.m in Sources */ = {isa = PBXBuildFile; fileRef = 504998031AC0F7650005307F /* SettingVC.m */; };
		5049980B1AC138E40005307F /* ImageUtil.m in Sources */ = {isa = PBXBuildFile; fileRef = 5049980A1AC138E40005307F /* ImageUtil.m */; };
		5049980E1AC13BEE0005307F /* img6.png in Resources */ = {isa = PBXBuildFile; fileRef = 5049980D1AC13BEE0005307F /* img6.png */; };
		504998101AC13BFA0005307F /* img5.png in Resources */ = {isa = PBXBuildFile; fileRef = 5049980F1AC13BFA0005307F /* img5.png */; };
		504998141AC13C0A0005307F /* img3.png in Resources */ = {isa = PBXBuildFile; fileRef = 504998111AC13C0A0005307F /* img3.png */; };
		504998151AC13C0A0005307F /* img4.png in Resources */ = {isa = PBXBuildFile; fileRef = 504998121AC13C0A0005307F /* img4.png */; };
		504998161AC13C0A0005307F /* img1.png in Resources */ = {isa = PBXBuildFile; fileRef = 504998131AC13C0A0005307F /* img1.png */; };
		504998181AC13C250005307F /* img2.png in Resources */ = {isa = PBXBuildFile; fileRef = 504998171AC13C250005307F /* img2.png */; };
		54EF29FE1ABF204B00ED5EA2 /* Foundation.framework in Frameworks */ = {isa = PBXBuildFile; fileRef = 54EF29FD1ABF204B00ED5EA2 /* Foundation.framework */; };
		54EF2A001ABF204B00ED5EA2 /* CoreGraphics.framework in Frameworks */ = {isa = PBXBuildFile; fileRef = 54EF29FF1ABF204B00ED5EA2 /* CoreGraphics.framework */; };
		54EF2A021ABF204B00ED5EA2 /* UIKit.framework in Frameworks */ = {isa = PBXBuildFile; fileRef = 54EF2A011ABF204B00ED5EA2 /* UIKit.framework */; };
		54EF2A081ABF204B00ED5EA2 /* InfoPlist.strings in Resources */ = {isa = PBXBuildFile; fileRef = 54EF2A061ABF204B00ED5EA2 /* InfoPlist.strings */; };
		54EF2A0A1ABF204B00ED5EA2 /* main.m in Sources */ = {isa = PBXBuildFile; fileRef = 54EF2A091ABF204B00ED5EA2 /* main.m */; };
		54EF2A0E1ABF204B00ED5EA2 /* AppDelegate.m in Sources */ = {isa = PBXBuildFile; fileRef = 54EF2A0D1ABF204B00ED5EA2 /* AppDelegate.m */; };
		54EF2A101ABF204C00ED5EA2 /* Images.xcassets in Resources */ = {isa = PBXBuildFile; fileRef = 54EF2A0F1ABF204C00ED5EA2 /* Images.xcassets */; };
		54EF2A171ABF204C00ED5EA2 /* XCTest.framework in Frameworks */ = {isa = PBXBuildFile; fileRef = 54EF2A161ABF204C00ED5EA2 /* XCTest.framework */; };
		54EF2A181ABF204C00ED5EA2 /* Foundation.framework in Frameworks */ = {isa = PBXBuildFile; fileRef = 54EF29FD1ABF204B00ED5EA2 /* Foundation.framework */; };
		54EF2A191ABF204C00ED5EA2 /* UIKit.framework in Frameworks */ = {isa = PBXBuildFile; fileRef = 54EF2A011ABF204B00ED5EA2 /* UIKit.framework */; };
		54EF2A211ABF204C00ED5EA2 /* InfoPlist.strings in Resources */ = {isa = PBXBuildFile; fileRef = 54EF2A1F1ABF204C00ED5EA2 /* InfoPlist.strings */; };
		54EF2A231ABF204C00ED5EA2 /* LocationAlarmTests.m in Sources */ = {isa = PBXBuildFile; fileRef = 54EF2A221ABF204C00ED5EA2 /* LocationAlarmTests.m */; };
		54EF2A2F1ABF21AE00ED5EA2 /* MapVC.mm in Sources */ = {isa = PBXBuildFile; fileRef = 54EF2A2E1ABF21AE00ED5EA2 /* MapVC.mm */; };
		54EF2AF41ABF257300ED5EA2 /* libbaidumapapi.a in Frameworks */ = {isa = PBXBuildFile; fileRef = 54EF2AF31ABF257300ED5EA2 /* libbaidumapapi.a */; };
		54EF2AF61ABF259C00ED5EA2 /* CoreLocation.framework in Frameworks */ = {isa = PBXBuildFile; fileRef = 54EF2AF51ABF259C00ED5EA2 /* CoreLocation.framework */; };
		54EF2AF81ABF25AB00ED5EA2 /* QuartzCore.framework in Frameworks */ = {isa = PBXBuildFile; fileRef = 54EF2AF71ABF25AB00ED5EA2 /* QuartzCore.framework */; };
		54EF2AFA1ABF25BC00ED5EA2 /* OpenGLES.framework in Frameworks */ = {isa = PBXBuildFile; fileRef = 54EF2AF91ABF25BC00ED5EA2 /* OpenGLES.framework */; };
		54EF2AFC1ABF25CA00ED5EA2 /* SystemConfiguration.framework in Frameworks */ = {isa = PBXBuildFile; fileRef = 54EF2AFB1ABF25CA00ED5EA2 /* SystemConfiguration.framework */; };
		54EF2AFE1ABF25E400ED5EA2 /* Security.framework in Frameworks */ = {isa = PBXBuildFile; fileRef = 54EF2AFD1ABF25E400ED5EA2 /* Security.framework */; };
		54EF2B021ABF266A00ED5EA2 /* mapapi.bundle in Resources */ = {isa = PBXBuildFile; fileRef = 54EF2B011ABF266A00ED5EA2 /* mapapi.bundle */; };
/* End PBXBuildFile section */

/* Begin PBXContainerItemProxy section */
		54EF2A1A1ABF204C00ED5EA2 /* PBXContainerItemProxy */ = {
			isa = PBXContainerItemProxy;
			containerPortal = 54EF29F21ABF204B00ED5EA2 /* Project object */;
			proxyType = 1;
			remoteGlobalIDString = 54EF29F91ABF204B00ED5EA2;
			remoteInfo = LocationAlarm;
		};
/* End PBXContainerItemProxy section */

/* Begin PBXFileReference section */
		504997FF1AC0F7300005307F /* TableVC.h */ = {isa = PBXFileReference; fileEncoding = 4; lastKnownFileType = sourcecode.c.h; name = TableVC.h; path = ViewController/TableVC.h; sourceTree = "<group>"; };
		504998001AC0F7300005307F /* TableVC.m */ = {isa = PBXFileReference; fileEncoding = 4; lastKnownFileType = sourcecode.c.objc; name = TableVC.m; path = ViewController/TableVC.m; sourceTree = "<group>"; };
		504998021AC0F7650005307F /* SettingVC.h */ = {isa = PBXFileReference; fileEncoding = 4; lastKnownFileType = sourcecode.c.h; name = SettingVC.h; path = ViewController/SettingVC.h; sourceTree = "<group>"; };
		504998031AC0F7650005307F /* SettingVC.m */ = {isa = PBXFileReference; fileEncoding = 4; lastKnownFileType = sourcecode.c.objc; name = SettingVC.m; path = ViewController/SettingVC.m; sourceTree = "<group>"; };
		504998091AC138E40005307F /* ImageUtil.h */ = {isa = PBXFileReference; fileEncoding = 4; lastKnownFileType = sourcecode.c.h; name = ImageUtil.h; path = Utils/ImageUtil.h; sourceTree = "<group>"; };
		5049980A1AC138E40005307F /* ImageUtil.m */ = {isa = PBXFileReference; fileEncoding = 4; lastKnownFileType = sourcecode.c.objc; name = ImageUtil.m; path = Utils/ImageUtil.m; sourceTree = "<group>"; };
		5049980D1AC13BEE0005307F /* img6.png */ = {isa = PBXFileReference; lastKnownFileType = image.png; path = img6.png; sourceTree = "<group>"; };
		5049980F1AC13BFA0005307F /* img5.png */ = {isa = PBXFileReference; lastKnownFileType = image.png; path = img5.png; sourceTree = "<group>"; };
		504998111AC13C0A0005307F /* img3.png */ = {isa = PBXFileReference; lastKnownFileType = image.png; path = img3.png; sourceTree = "<group>"; };
		504998121AC13C0A0005307F /* img4.png */ = {isa = PBXFileReference; lastKnownFileType = image.png; path = img4.png; sourceTree = "<group>"; };
		504998131AC13C0A0005307F /* img1.png */ = {isa = PBXFileReference; lastKnownFileType = image.png; path = img1.png; sourceTree = "<group>"; };
		504998171AC13C250005307F /* img2.png */ = {isa = PBXFileReference; lastKnownFileType = image.png; path = img2.png; sourceTree = "<group>"; };
		54EF29FA1ABF204B00ED5EA2 /* LocationAlarm.app */ = {isa = PBXFileReference; explicitFileType = wrapper.application; includeInIndex = 0; path = LocationAlarm.app; sourceTree = BUILT_PRODUCTS_DIR; };
		54EF29FD1ABF204B00ED5EA2 /* Foundation.framework */ = {isa = PBXFileReference; lastKnownFileType = wrapper.framework; name = Foundation.framework; path = System/Library/Frameworks/Foundation.framework; sourceTree = SDKROOT; };
		54EF29FF1ABF204B00ED5EA2 /* CoreGraphics.framework */ = {isa = PBXFileReference; lastKnownFileType = wrapper.framework; name = CoreGraphics.framework; path = System/Library/Frameworks/CoreGraphics.framework; sourceTree = SDKROOT; };
		54EF2A011ABF204B00ED5EA2 /* UIKit.framework */ = {isa = PBXFileReference; lastKnownFileType = wrapper.framework; name = UIKit.framework; path = System/Library/Frameworks/UIKit.framework; sourceTree = SDKROOT; };
		54EF2A051ABF204B00ED5EA2 /* LocationAlarm-Info.plist */ = {isa = PBXFileReference; lastKnownFileType = text.plist.xml; path = "LocationAlarm-Info.plist"; sourceTree = "<group>"; };
		54EF2A071ABF204B00ED5EA2 /* en */ = {isa = PBXFileReference; lastKnownFileType = text.plist.strings; name = en; path = en.lproj/InfoPlist.strings; sourceTree = "<group>"; };
		54EF2A091ABF204B00ED5EA2 /* main.m */ = {isa = PBXFileReference; lastKnownFileType = sourcecode.c.objc; path = main.m; sourceTree = "<group>"; };
		54EF2A0B1ABF204B00ED5EA2 /* LocationAlarm-Prefix.pch */ = {isa = PBXFileReference; lastKnownFileType = sourcecode.c.h; path = "LocationAlarm-Prefix.pch"; sourceTree = "<group>"; };
		54EF2A0C1ABF204B00ED5EA2 /* AppDelegate.h */ = {isa = PBXFileReference; lastKnownFileType = sourcecode.c.h; path = AppDelegate.h; sourceTree = "<group>"; };
		54EF2A0D1ABF204B00ED5EA2 /* AppDelegate.m */ = {isa = PBXFileReference; lastKnownFileType = sourcecode.c.objc; path = AppDelegate.m; sourceTree = "<group>"; };
		54EF2A0F1ABF204C00ED5EA2 /* Images.xcassets */ = {isa = PBXFileReference; lastKnownFileType = folder.assetcatalog; path = Images.xcassets; sourceTree = "<group>"; };
		54EF2A151ABF204C00ED5EA2 /* LocationAlarmTests.xctest */ = {isa = PBXFileReference; explicitFileType = wrapper.cfbundle; includeInIndex = 0; path = LocationAlarmTests.xctest; sourceTree = BUILT_PRODUCTS_DIR; };
		54EF2A161ABF204C00ED5EA2 /* XCTest.framework */ = {isa = PBXFileReference; lastKnownFileType = wrapper.framework; name = XCTest.framework; path = Library/Frameworks/XCTest.framework; sourceTree = DEVELOPER_DIR; };
		54EF2A1E1ABF204C00ED5EA2 /* LocationAlarmTests-Info.plist */ = {isa = PBXFileReference; lastKnownFileType = text.plist.xml; path = "LocationAlarmTests-Info.plist"; sourceTree = "<group>"; };
		54EF2A201ABF204C00ED5EA2 /* en */ = {isa = PBXFileReference; lastKnownFileType = text.plist.strings; name = en; path = en.lproj/InfoPlist.strings; sourceTree = "<group>"; };
		54EF2A221ABF204C00ED5EA2 /* LocationAlarmTests.m */ = {isa = PBXFileReference; lastKnownFileType = sourcecode.c.objc; path = LocationAlarmTests.m; sourceTree = "<group>"; };
		54EF2A2D1ABF21AE00ED5EA2 /* MapVC.h */ = {isa = PBXFileReference; fileEncoding = 4; lastKnownFileType = sourcecode.c.h; name = MapVC.h; path = ViewController/MapVC.h; sourceTree = "<group>"; };
		54EF2A2E1ABF21AE00ED5EA2 /* MapVC.mm */ = {isa = PBXFileReference; fileEncoding = 4; lastKnownFileType = sourcecode.cpp.objcpp; name = MapVC.mm; path = ViewController/MapVC.mm; sourceTree = "<group>"; };
		54EF2AB61ABF257300ED5EA2 /* BMapKit.h */ = {isa = PBXFileReference; fileEncoding = 4; lastKnownFileType = sourcecode.c.h; path = BMapKit.h; sourceTree = "<group>"; };
		54EF2AB71ABF257300ED5EA2 /* BMKActionPaopaoView.h */ = {isa = PBXFileReference; fileEncoding = 4; lastKnownFileType = sourcecode.c.h; path = BMKActionPaopaoView.h; sourceTree = "<group>"; };
		54EF2AB81ABF257300ED5EA2 /* BMKAnnotation.h */ = {isa = PBXFileReference; fileEncoding = 4; lastKnownFileType = sourcecode.c.h; path = BMKAnnotation.h; sourceTree = "<group>"; };
		54EF2AB91ABF257300ED5EA2 /* BMKAnnotationView.h */ = {isa = PBXFileReference; fileEncoding = 4; lastKnownFileType = sourcecode.c.h; path = BMKAnnotationView.h; sourceTree = "<group>"; };
		54EF2ABA1ABF257300ED5EA2 /* BMKArcline.h */ = {isa = PBXFileReference; fileEncoding = 4; lastKnownFileType = sourcecode.c.h; path = BMKArcline.h; sourceTree = "<group>"; };
		54EF2ABB1ABF257300ED5EA2 /* BMKArclineView.h */ = {isa = PBXFileReference; fileEncoding = 4; lastKnownFileType = sourcecode.c.h; path = BMKArclineView.h; sourceTree = "<group>"; };
		54EF2ABC1ABF257300ED5EA2 /* BMKBaseComponent.h */ = {isa = PBXFileReference; fileEncoding = 4; lastKnownFileType = sourcecode.c.h; path = BMKBaseComponent.h; sourceTree = "<group>"; };
		54EF2ABD1ABF257300ED5EA2 /* BMKBusLineSearch.h */ = {isa = PBXFileReference; fileEncoding = 4; lastKnownFileType = sourcecode.c.h; path = BMKBusLineSearch.h; sourceTree = "<group>"; };
		54EF2ABE1ABF257300ED5EA2 /* BMKBusLineSearchOption.h */ = {isa = PBXFileReference; fileEncoding = 4; lastKnownFileType = sourcecode.c.h; path = BMKBusLineSearchOption.h; sourceTree = "<group>"; };
		54EF2ABF1ABF257300ED5EA2 /* BMKCircle.h */ = {isa = PBXFileReference; fileEncoding = 4; lastKnownFileType = sourcecode.c.h; path = BMKCircle.h; sourceTree = "<group>"; };
		54EF2AC01ABF257300ED5EA2 /* BMKCircleView.h */ = {isa = PBXFileReference; fileEncoding = 4; lastKnownFileType = sourcecode.c.h; path = BMKCircleView.h; sourceTree = "<group>"; };
		54EF2AC11ABF257300ED5EA2 /* BMKCloudPOIList.h */ = {isa = PBXFileReference; fileEncoding = 4; lastKnownFileType = sourcecode.c.h; path = BMKCloudPOIList.h; sourceTree = "<group>"; };
		54EF2AC21ABF257300ED5EA2 /* BMKCloudSearch.h */ = {isa = PBXFileReference; fileEncoding = 4; lastKnownFileType = sourcecode.c.h; path = BMKCloudSearch.h; sourceTree = "<group>"; };
		54EF2AC31ABF257300ED5EA2 /* BMKCloudSearchComponent.h */ = {isa = PBXFileReference; fileEncoding = 4; lastKnownFileType = sourcecode.c.h; path = BMKCloudSearchComponent.h; sourceTree = "<group>"; };
		54EF2AC41ABF257300ED5EA2 /* BMKCloudSearchInfo.h */ = {isa = PBXFileReference; fileEncoding = 4; lastKnownFileType = sourcecode.c.h; path = BMKCloudSearchInfo.h; sourceTree = "<group>"; };
		54EF2AC51ABF257300ED5EA2 /* BMKGeneralDelegate.h */ = {isa = PBXFileReference; fileEncoding = 4; lastKnownFileType = sourcecode.c.h; path = BMKGeneralDelegate.h; sourceTree = "<group>"; };
		54EF2AC61ABF257300ED5EA2 /* BMKGeocodeSearch.h */ = {isa = PBXFileReference; fileEncoding = 4; lastKnownFileType = sourcecode.c.h; path = BMKGeocodeSearch.h; sourceTree = "<group>"; };
		54EF2AC71ABF257300ED5EA2 /* BMKGeocodeSearchOption.h */ = {isa = PBXFileReference; fileEncoding = 4; lastKnownFileType = sourcecode.c.h; path = BMKGeocodeSearchOption.h; sourceTree = "<group>"; };
		54EF2AC81ABF257300ED5EA2 /* BMKGeocodeType.h */ = {isa = PBXFileReference; fileEncoding = 4; lastKnownFileType = sourcecode.c.h; path = BMKGeocodeType.h; sourceTree = "<group>"; };
		54EF2AC91ABF257300ED5EA2 /* BMKGeometry.h */ = {isa = PBXFileReference; fileEncoding = 4; lastKnownFileType = sourcecode.c.h; path = BMKGeometry.h; sourceTree = "<group>"; };
		54EF2ACA1ABF257300ED5EA2 /* BMKGradient.h */ = {isa = PBXFileReference; fileEncoding = 4; lastKnownFileType = sourcecode.c.h; path = BMKGradient.h; sourceTree = "<group>"; };
		54EF2ACB1ABF257300ED5EA2 /* BMKGroundOverlay.h */ = {isa = PBXFileReference; fileEncoding = 4; lastKnownFileType = sourcecode.c.h; path = BMKGroundOverlay.h; sourceTree = "<group>"; };
		54EF2ACC1ABF257300ED5EA2 /* BMKGroundOverlayView.h */ = {isa = PBXFileReference; fileEncoding = 4; lastKnownFileType = sourcecode.c.h; path = BMKGroundOverlayView.h; sourceTree = "<group>"; };
		54EF2ACD1ABF257300ED5EA2 /* BMKHeatMap.h */ = {isa = PBXFileReference; fileEncoding = 4; lastKnownFileType = sourcecode.c.h; path = BMKHeatMap.h; sourceTree = "<group>"; };
		54EF2ACE1ABF257300ED5EA2 /* BMKLocationComponent.h */ = {isa = PBXFileReference; fileEncoding = 4; lastKnownFileType = sourcecode.c.h; path = BMKLocationComponent.h; sourceTree = "<group>"; };
		54EF2ACF1ABF257300ED5EA2 /* BMKLocationService.h */ = {isa = PBXFileReference; fileEncoding = 4; lastKnownFileType = sourcecode.c.h; path = BMKLocationService.h; sourceTree = "<group>"; };
		54EF2AD01ABF257300ED5EA2 /* BMKLocationViewDisplayParam.h */ = {isa = PBXFileReference; fileEncoding = 4; lastKnownFileType = sourcecode.c.h; path = BMKLocationViewDisplayParam.h; sourceTree = "<group>"; };
		54EF2AD11ABF257300ED5EA2 /* BMKMapComponent.h */ = {isa = PBXFileReference; fileEncoding = 4; lastKnownFileType = sourcecode.c.h; path = BMKMapComponent.h; sourceTree = "<group>"; };
		54EF2AD21ABF257300ED5EA2 /* BMKMapManager.h */ = {isa = PBXFileReference; fileEncoding = 4; lastKnownFileType = sourcecode.c.h; path = BMKMapManager.h; sourceTree = "<group>"; };
		54EF2AD31ABF257300ED5EA2 /* BMKMapStatus.h */ = {isa = PBXFileReference; fileEncoding = 4; lastKnownFileType = sourcecode.c.h; path = BMKMapStatus.h; sourceTree = "<group>"; };
		54EF2AD41ABF257300ED5EA2 /* BMKMapView.h */ = {isa = PBXFileReference; fileEncoding = 4; lastKnownFileType = sourcecode.c.h; path = BMKMapView.h; sourceTree = "<group>"; };
		54EF2AD51ABF257300ED5EA2 /* BMKMultiPoint.h */ = {isa = PBXFileReference; fileEncoding = 4; lastKnownFileType = sourcecode.c.h; path = BMKMultiPoint.h; sourceTree = "<group>"; };
		54EF2AD61ABF257300ED5EA2 /* BMKNavigation.h */ = {isa = PBXFileReference; fileEncoding = 4; lastKnownFileType = sourcecode.c.h; path = BMKNavigation.h; sourceTree = "<group>"; };
		54EF2AD71ABF257300ED5EA2 /* BMKOfflineMap.h */ = {isa = PBXFileReference; fileEncoding = 4; lastKnownFileType = sourcecode.c.h; path = BMKOfflineMap.h; sourceTree = "<group>"; };
		54EF2AD81ABF257300ED5EA2 /* BMKOfflineMapType.h */ = {isa = PBXFileReference; fileEncoding = 4; lastKnownFileType = sourcecode.c.h; path = BMKOfflineMapType.h; sourceTree = "<group>"; };
		54EF2AD91ABF257300ED5EA2 /* BMKOverlay.h */ = {isa = PBXFileReference; fileEncoding = 4; lastKnownFileType = sourcecode.c.h; path = BMKOverlay.h; sourceTree = "<group>"; };
		54EF2ADA1ABF257300ED5EA2 /* BMKOverlayGLBasicView.h */ = {isa = PBXFileReference; fileEncoding = 4; lastKnownFileType = sourcecode.c.h; path = BMKOverlayGLBasicView.h; sourceTree = "<group>"; };
		54EF2ADB1ABF257300ED5EA2 /* BMKOverlayPathView.h */ = {isa = PBXFileReference; fileEncoding = 4; lastKnownFileType = sourcecode.c.h; path = BMKOverlayPathView.h; sourceTree = "<group>"; };
		54EF2ADC1ABF257300ED5EA2 /* BMKOverlayView.h */ = {isa = PBXFileReference; fileEncoding = 4; lastKnownFileType = sourcecode.c.h; path = BMKOverlayView.h; sourceTree = "<group>"; };
		54EF2ADD1ABF257300ED5EA2 /* BMKPinAnnotationView.h */ = {isa = PBXFileReference; fileEncoding = 4; lastKnownFileType = sourcecode.c.h; path = BMKPinAnnotationView.h; sourceTree = "<group>"; };
		54EF2ADE1ABF257300ED5EA2 /* BMKPointAnnotation.h */ = {isa = PBXFileReference; fileEncoding = 4; lastKnownFileType = sourcecode.c.h; path = BMKPointAnnotation.h; sourceTree = "<group>"; };
		54EF2ADF1ABF257300ED5EA2 /* BMKPoiSearch.h */ = {isa = PBXFileReference; fileEncoding = 4; lastKnownFileType = sourcecode.c.h; path = BMKPoiSearch.h; sourceTree = "<group>"; };
		54EF2AE01ABF257300ED5EA2 /* BMKPoiSearchOption.h */ = {isa = PBXFileReference; fileEncoding = 4; lastKnownFileType = sourcecode.c.h; path = BMKPoiSearchOption.h; sourceTree = "<group>"; };
		54EF2AE11ABF257300ED5EA2 /* BMKPoiSearchType.h */ = {isa = PBXFileReference; fileEncoding = 4; lastKnownFileType = sourcecode.c.h; path = BMKPoiSearchType.h; sourceTree = "<group>"; };
		54EF2AE21ABF257300ED5EA2 /* BMKPolygon.h */ = {isa = PBXFileReference; fileEncoding = 4; lastKnownFileType = sourcecode.c.h; path = BMKPolygon.h; sourceTree = "<group>"; };
		54EF2AE31ABF257300ED5EA2 /* BMKPolygonView.h */ = {isa = PBXFileReference; fileEncoding = 4; lastKnownFileType = sourcecode.c.h; path = BMKPolygonView.h; sourceTree = "<group>"; };
		54EF2AE41ABF257300ED5EA2 /* BMKPolyline.h */ = {isa = PBXFileReference; fileEncoding = 4; lastKnownFileType = sourcecode.c.h; path = BMKPolyline.h; sourceTree = "<group>"; };
		54EF2AE51ABF257300ED5EA2 /* BMKPolylineView.h */ = {isa = PBXFileReference; fileEncoding = 4; lastKnownFileType = sourcecode.c.h; path = BMKPolylineView.h; sourceTree = "<group>"; };
		54EF2AE61ABF257300ED5EA2 /* BMKRouteSearch.h */ = {isa = PBXFileReference; fileEncoding = 4; lastKnownFileType = sourcecode.c.h; path = BMKRouteSearch.h; sourceTree = "<group>"; };
		54EF2AE71ABF257300ED5EA2 /* BMKRouteSearchOption.h */ = {isa = PBXFileReference; fileEncoding = 4; lastKnownFileType = sourcecode.c.h; path = BMKRouteSearchOption.h; sourceTree = "<group>"; };
		54EF2AE81ABF257300ED5EA2 /* BMKRouteSearchType.h */ = {isa = PBXFileReference; fileEncoding = 4; lastKnownFileType = sourcecode.c.h; path = BMKRouteSearchType.h; sourceTree = "<group>"; };
		54EF2AE91ABF257300ED5EA2 /* BMKSearchComponent.h */ = {isa = PBXFileReference; fileEncoding = 4; lastKnownFileType = sourcecode.c.h; path = BMKSearchComponent.h; sourceTree = "<group>"; };
		54EF2AEA1ABF257300ED5EA2 /* BMKShape.h */ = {isa = PBXFileReference; fileEncoding = 4; lastKnownFileType = sourcecode.c.h; path = BMKShape.h; sourceTree = "<group>"; };
		54EF2AEB1ABF257300ED5EA2 /* BMKShareURLSearch.h */ = {isa = PBXFileReference; fileEncoding = 4; lastKnownFileType = sourcecode.c.h; path = BMKShareURLSearch.h; sourceTree = "<group>"; };
		54EF2AEC1ABF257300ED5EA2 /* BMKShareUrlSearchOption.h */ = {isa = PBXFileReference; fileEncoding = 4; lastKnownFileType = sourcecode.c.h; path = BMKShareUrlSearchOption.h; sourceTree = "<group>"; };
		54EF2AED1ABF257300ED5EA2 /* BMKSuggestionSearch.h */ = {isa = PBXFileReference; fileEncoding = 4; lastKnownFileType = sourcecode.c.h; path = BMKSuggestionSearch.h; sourceTree = "<group>"; };
		54EF2AEE1ABF257300ED5EA2 /* BMKSuggestionSearchOption.h */ = {isa = PBXFileReference; fileEncoding = 4; lastKnownFileType = sourcecode.c.h; path = BMKSuggestionSearchOption.h; sourceTree = "<group>"; };
		54EF2AEF1ABF257300ED5EA2 /* BMKTypes.h */ = {isa = PBXFileReference; fileEncoding = 4; lastKnownFileType = sourcecode.c.h; path = BMKTypes.h; sourceTree = "<group>"; };
		54EF2AF01ABF257300ED5EA2 /* BMKUserLocation.h */ = {isa = PBXFileReference; fileEncoding = 4; lastKnownFileType = sourcecode.c.h; path = BMKUserLocation.h; sourceTree = "<group>"; };
		54EF2AF11ABF257300ED5EA2 /* BMKUtilsComponent.h */ = {isa = PBXFileReference; fileEncoding = 4; lastKnownFileType = sourcecode.c.h; path = BMKUtilsComponent.h; sourceTree = "<group>"; };
		54EF2AF21ABF257300ED5EA2 /* BMKVersion.h */ = {isa = PBXFileReference; fileEncoding = 4; lastKnownFileType = sourcecode.c.h; path = BMKVersion.h; sourceTree = "<group>"; };
		54EF2AF31ABF257300ED5EA2 /* libbaidumapapi.a */ = {isa = PBXFileReference; lastKnownFileType = archive.ar; name = libbaidumapapi.a; path = BaiduMap/libbaidumapapi.a; sourceTree = "<group>"; };
		54EF2AF51ABF259C00ED5EA2 /* CoreLocation.framework */ = {isa = PBXFileReference; lastKnownFileType = wrapper.framework; name = CoreLocation.framework; path = System/Library/Frameworks/CoreLocation.framework; sourceTree = SDKROOT; };
		54EF2AF71ABF25AB00ED5EA2 /* QuartzCore.framework */ = {isa = PBXFileReference; lastKnownFileType = wrapper.framework; name = QuartzCore.framework; path = System/Library/Frameworks/QuartzCore.framework; sourceTree = SDKROOT; };
		54EF2AF91ABF25BC00ED5EA2 /* OpenGLES.framework */ = {isa = PBXFileReference; lastKnownFileType = wrapper.framework; name = OpenGLES.framework; path = System/Library/Frameworks/OpenGLES.framework; sourceTree = SDKROOT; };
		54EF2AFB1ABF25CA00ED5EA2 /* SystemConfiguration.framework */ = {isa = PBXFileReference; lastKnownFileType = wrapper.framework; name = SystemConfiguration.framework; path = System/Library/Frameworks/SystemConfiguration.framework; sourceTree = SDKROOT; };
		54EF2AFD1ABF25E400ED5EA2 /* Security.framework */ = {isa = PBXFileReference; lastKnownFileType = wrapper.framework; name = Security.framework; path = System/Library/Frameworks/Security.framework; sourceTree = SDKROOT; };
		54EF2B011ABF266A00ED5EA2 /* mapapi.bundle */ = {isa = PBXFileReference; lastKnownFileType = "wrapper.plug-in"; name = mapapi.bundle; path = BaiduMap/mapapi.bundle; sourceTree = "<group>"; };
/* End PBXFileReference section */

/* Begin PBXFrameworksBuildPhase section */
		54EF29F71ABF204B00ED5EA2 /* Frameworks */ = {
			isa = PBXFrameworksBuildPhase;
			buildActionMask = 2147483647;
			files = (
				54EF2AFE1ABF25E400ED5EA2 /* Security.framework in Frameworks */,
				54EF2A001ABF204B00ED5EA2 /* CoreGraphics.framework in Frameworks */,
				54EF2AFC1ABF25CA00ED5EA2 /* SystemConfiguration.framework in Frameworks */,
				54EF2AFA1ABF25BC00ED5EA2 /* OpenGLES.framework in Frameworks */,
				54EF2AF81ABF25AB00ED5EA2 /* QuartzCore.framework in Frameworks */,
				54EF2AF61ABF259C00ED5EA2 /* CoreLocation.framework in Frameworks */,
				54EF2A021ABF204B00ED5EA2 /* UIKit.framework in Frameworks */,
				54EF29FE1ABF204B00ED5EA2 /* Foundation.framework in Frameworks */,
				54EF2AF41ABF257300ED5EA2 /* libbaidumapapi.a in Frameworks */,
			);
			runOnlyForDeploymentPostprocessing = 0;
		};
		54EF2A121ABF204C00ED5EA2 /* Frameworks */ = {
			isa = PBXFrameworksBuildPhase;
			buildActionMask = 2147483647;
			files = (
				54EF2A171ABF204C00ED5EA2 /* XCTest.framework in Frameworks */,
				54EF2A191ABF204C00ED5EA2 /* UIKit.framework in Frameworks */,
				54EF2A181ABF204C00ED5EA2 /* Foundation.framework in Frameworks */,
			);
			runOnlyForDeploymentPostprocessing = 0;
		};
/* End PBXFrameworksBuildPhase section */

/* Begin PBXGroup section */
		504998051AC1389B0005307F /* Utils */ = {
			isa = PBXGroup;
			children = (
				504998091AC138E40005307F /* ImageUtil.h */,
				5049980A1AC138E40005307F /* ImageUtil.m */,
			);
			name = Utils;
			sourceTree = "<group>";
		};
		5049980C1AC13BD70005307F /* Res */ = {
			isa = PBXGroup;
			children = (
				504998131AC13C0A0005307F /* img1.png */,
				504998171AC13C250005307F /* img2.png */,
				504998111AC13C0A0005307F /* img3.png */,
				504998121AC13C0A0005307F /* img4.png */,
				5049980F1AC13BFA0005307F /* img5.png */,
				5049980D1AC13BEE0005307F /* img6.png */,
			);
			name = Res;
			sourceTree = "<group>";
		};
		54EF29F11ABF204B00ED5EA2 = {
			isa = PBXGroup;
			children = (
				54EF2A031ABF204B00ED5EA2 /* LocationAlarm */,
				54EF2A1C1ABF204C00ED5EA2 /* LocationAlarmTests */,
				54EF29FC1ABF204B00ED5EA2 /* Frameworks */,
				54EF29FB1ABF204B00ED5EA2 /* Products */,
			);
			sourceTree = "<group>";
		};
		54EF29FB1ABF204B00ED5EA2 /* Products */ = {
			isa = PBXGroup;
			children = (
				54EF29FA1ABF204B00ED5EA2 /* LocationAlarm.app */,
				54EF2A151ABF204C00ED5EA2 /* LocationAlarmTests.xctest */,
			);
			name = Products;
			sourceTree = "<group>";
		};
		54EF29FC1ABF204B00ED5EA2 /* Frameworks */ = {
			isa = PBXGroup;
			children = (
				54EF2AFD1ABF25E400ED5EA2 /* Security.framework */,
				54EF2AFB1ABF25CA00ED5EA2 /* SystemConfiguration.framework */,
				54EF2AF91ABF25BC00ED5EA2 /* OpenGLES.framework */,
				54EF2AF71ABF25AB00ED5EA2 /* QuartzCore.framework */,
				54EF2AF51ABF259C00ED5EA2 /* CoreLocation.framework */,
				54EF29FD1ABF204B00ED5EA2 /* Foundation.framework */,
				54EF29FF1ABF204B00ED5EA2 /* CoreGraphics.framework */,
				54EF2A011ABF204B00ED5EA2 /* UIKit.framework */,
				54EF2A161ABF204C00ED5EA2 /* XCTest.framework */,
			);
			name = Frameworks;
			sourceTree = "<group>";
		};
		54EF2A031ABF204B00ED5EA2 /* LocationAlarm */ = {
			isa = PBXGroup;
			children = (
				54EF2A2C1ABF214700ED5EA2 /* ViewController */,
				504998051AC1389B0005307F /* Utils */,
				54EF2A301ABF243C00ED5EA2 /* BaiduMap */,
				5049980C1AC13BD70005307F /* Res */,
				54EF2A0F1ABF204C00ED5EA2 /* Images.xcassets */,
				54EF2A041ABF204B00ED5EA2 /* Supporting Files */,
			);
			path = LocationAlarm;
			sourceTree = "<group>";
		};
		54EF2A041ABF204B00ED5EA2 /* Supporting Files */ = {
			isa = PBXGroup;
			children = (
				54EF2A0C1ABF204B00ED5EA2 /* AppDelegate.h */,
				54EF2A0D1ABF204B00ED5EA2 /* AppDelegate.m */,
				54EF2A051ABF204B00ED5EA2 /* LocationAlarm-Info.plist */,
				54EF2A061ABF204B00ED5EA2 /* InfoPlist.strings */,
				54EF2A091ABF204B00ED5EA2 /* main.m */,
				54EF2A0B1ABF204B00ED5EA2 /* LocationAlarm-Prefix.pch */,
			);
			name = "Supporting Files";
			sourceTree = "<group>";
		};
		54EF2A1C1ABF204C00ED5EA2 /* LocationAlarmTests */ = {
			isa = PBXGroup;
			children = (
				54EF2A221ABF204C00ED5EA2 /* LocationAlarmTests.m */,
				54EF2A1D1ABF204C00ED5EA2 /* Supporting Files */,
			);
			path = LocationAlarmTests;
			sourceTree = "<group>";
		};
		54EF2A1D1ABF204C00ED5EA2 /* Supporting Files */ = {
			isa = PBXGroup;
			children = (
				54EF2A1E1ABF204C00ED5EA2 /* LocationAlarmTests-Info.plist */,
				54EF2A1F1ABF204C00ED5EA2 /* InfoPlist.strings */,
			);
			name = "Supporting Files";
			sourceTree = "<group>";
		};
		54EF2A2C1ABF214700ED5EA2 /* ViewController */ = {
			isa = PBXGroup;
			children = (
				504997FF1AC0F7300005307F /* TableVC.h */,
				504998001AC0F7300005307F /* TableVC.m */,
				54EF2A2D1ABF21AE00ED5EA2 /* MapVC.h */,
				54EF2A2E1ABF21AE00ED5EA2 /* MapVC.mm */,
				504998021AC0F7650005307F /* SettingVC.h */,
				504998031AC0F7650005307F /* SettingVC.m */,
			);
			name = ViewController;
			sourceTree = "<group>";
		};
		54EF2A301ABF243C00ED5EA2 /* BaiduMap */ = {
			isa = PBXGroup;
			children = (
				54EF2B011ABF266A00ED5EA2 /* mapapi.bundle */,
				54EF2AF31ABF257300ED5EA2 /* libbaidumapapi.a */,
				54EF2AB51ABF257300ED5EA2 /* inc */,
			);
			name = BaiduMap;
			sourceTree = "<group>";
		};
		54EF2AB51ABF257300ED5EA2 /* inc */ = {
			isa = PBXGroup;
			children = (
				54EF2AB61ABF257300ED5EA2 /* BMapKit.h */,
				54EF2AB71ABF257300ED5EA2 /* BMKActionPaopaoView.h */,
				54EF2AB81ABF257300ED5EA2 /* BMKAnnotation.h */,
				54EF2AB91ABF257300ED5EA2 /* BMKAnnotationView.h */,
				54EF2ABA1ABF257300ED5EA2 /* BMKArcline.h */,
				54EF2ABB1ABF257300ED5EA2 /* BMKArclineView.h */,
				54EF2ABC1ABF257300ED5EA2 /* BMKBaseComponent.h */,
				54EF2ABD1ABF257300ED5EA2 /* BMKBusLineSearch.h */,
				54EF2ABE1ABF257300ED5EA2 /* BMKBusLineSearchOption.h */,
				54EF2ABF1ABF257300ED5EA2 /* BMKCircle.h */,
				54EF2AC01ABF257300ED5EA2 /* BMKCircleView.h */,
				54EF2AC11ABF257300ED5EA2 /* BMKCloudPOIList.h */,
				54EF2AC21ABF257300ED5EA2 /* BMKCloudSearch.h */,
				54EF2AC31ABF257300ED5EA2 /* BMKCloudSearchComponent.h */,
				54EF2AC41ABF257300ED5EA2 /* BMKCloudSearchInfo.h */,
				54EF2AC51ABF257300ED5EA2 /* BMKGeneralDelegate.h */,
				54EF2AC61ABF257300ED5EA2 /* BMKGeocodeSearch.h */,
				54EF2AC71ABF257300ED5EA2 /* BMKGeocodeSearchOption.h */,
				54EF2AC81ABF257300ED5EA2 /* BMKGeocodeType.h */,
				54EF2AC91ABF257300ED5EA2 /* BMKGeometry.h */,
				54EF2ACA1ABF257300ED5EA2 /* BMKGradient.h */,
				54EF2ACB1ABF257300ED5EA2 /* BMKGroundOverlay.h */,
				54EF2ACC1ABF257300ED5EA2 /* BMKGroundOverlayView.h */,
				54EF2ACD1ABF257300ED5EA2 /* BMKHeatMap.h */,
				54EF2ACE1ABF257300ED5EA2 /* BMKLocationComponent.h */,
				54EF2ACF1ABF257300ED5EA2 /* BMKLocationService.h */,
				54EF2AD01ABF257300ED5EA2 /* BMKLocationViewDisplayParam.h */,
				54EF2AD11ABF257300ED5EA2 /* BMKMapComponent.h */,
				54EF2AD21ABF257300ED5EA2 /* BMKMapManager.h */,
				54EF2AD31ABF257300ED5EA2 /* BMKMapStatus.h */,
				54EF2AD41ABF257300ED5EA2 /* BMKMapView.h */,
				54EF2AD51ABF257300ED5EA2 /* BMKMultiPoint.h */,
				54EF2AD61ABF257300ED5EA2 /* BMKNavigation.h */,
				54EF2AD71ABF257300ED5EA2 /* BMKOfflineMap.h */,
				54EF2AD81ABF257300ED5EA2 /* BMKOfflineMapType.h */,
				54EF2AD91ABF257300ED5EA2 /* BMKOverlay.h */,
				54EF2ADA1ABF257300ED5EA2 /* BMKOverlayGLBasicView.h */,
				54EF2ADB1ABF257300ED5EA2 /* BMKOverlayPathView.h */,
				54EF2ADC1ABF257300ED5EA2 /* BMKOverlayView.h */,
				54EF2ADD1ABF257300ED5EA2 /* BMKPinAnnotationView.h */,
				54EF2ADE1ABF257300ED5EA2 /* BMKPointAnnotation.h */,
				54EF2ADF1ABF257300ED5EA2 /* BMKPoiSearch.h */,
				54EF2AE01ABF257300ED5EA2 /* BMKPoiSearchOption.h */,
				54EF2AE11ABF257300ED5EA2 /* BMKPoiSearchType.h */,
				54EF2AE21ABF257300ED5EA2 /* BMKPolygon.h */,
				54EF2AE31ABF257300ED5EA2 /* BMKPolygonView.h */,
				54EF2AE41ABF257300ED5EA2 /* BMKPolyline.h */,
				54EF2AE51ABF257300ED5EA2 /* BMKPolylineView.h */,
				54EF2AE61ABF257300ED5EA2 /* BMKRouteSearch.h */,
				54EF2AE71ABF257300ED5EA2 /* BMKRouteSearchOption.h */,
				54EF2AE81ABF257300ED5EA2 /* BMKRouteSearchType.h */,
				54EF2AE91ABF257300ED5EA2 /* BMKSearchComponent.h */,
				54EF2AEA1ABF257300ED5EA2 /* BMKShape.h */,
				54EF2AEB1ABF257300ED5EA2 /* BMKShareURLSearch.h */,
				54EF2AEC1ABF257300ED5EA2 /* BMKShareUrlSearchOption.h */,
				54EF2AED1ABF257300ED5EA2 /* BMKSuggestionSearch.h */,
				54EF2AEE1ABF257300ED5EA2 /* BMKSuggestionSearchOption.h */,
				54EF2AEF1ABF257300ED5EA2 /* BMKTypes.h */,
				54EF2AF01ABF257300ED5EA2 /* BMKUserLocation.h */,
				54EF2AF11ABF257300ED5EA2 /* BMKUtilsComponent.h */,
				54EF2AF21ABF257300ED5EA2 /* BMKVersion.h */,
			);
			name = inc;
			path = BaiduMap/inc;
			sourceTree = "<group>";
		};
/* End PBXGroup section */

/* Begin PBXNativeTarget section */
		54EF29F91ABF204B00ED5EA2 /* LocationAlarm */ = {
			isa = PBXNativeTarget;
			buildConfigurationList = 54EF2A261ABF204C00ED5EA2 /* Build configuration list for PBXNativeTarget "LocationAlarm" */;
			buildPhases = (
				54EF29F61ABF204B00ED5EA2 /* Sources */,
				54EF29F71ABF204B00ED5EA2 /* Frameworks */,
				54EF29F81ABF204B00ED5EA2 /* Resources */,
			);
			buildRules = (
			);
			dependencies = (
			);
			name = LocationAlarm;
			productName = LocationAlarm;
			productReference = 54EF29FA1ABF204B00ED5EA2 /* LocationAlarm.app */;
			productType = "com.apple.product-type.application";
		};
		54EF2A141ABF204C00ED5EA2 /* LocationAlarmTests */ = {
			isa = PBXNativeTarget;
			buildConfigurationList = 54EF2A291ABF204C00ED5EA2 /* Build configuration list for PBXNativeTarget "LocationAlarmTests" */;
			buildPhases = (
				54EF2A111ABF204C00ED5EA2 /* Sources */,
				54EF2A121ABF204C00ED5EA2 /* Frameworks */,
				54EF2A131ABF204C00ED5EA2 /* Resources */,
			);
			buildRules = (
			);
			dependencies = (
				54EF2A1B1ABF204C00ED5EA2 /* PBXTargetDependency */,
			);
			name = LocationAlarmTests;
			productName = LocationAlarmTests;
			productReference = 54EF2A151ABF204C00ED5EA2 /* LocationAlarmTests.xctest */;
			productType = "com.apple.product-type.bundle.unit-test";
		};
/* End PBXNativeTarget section */

/* Begin PBXProject section */
		54EF29F21ABF204B00ED5EA2 /* Project object */ = {
			isa = PBXProject;
			attributes = {
				LastUpgradeCheck = 0500;
				ORGANIZATIONNAME = "张辉";
				TargetAttributes = {
					54EF2A141ABF204C00ED5EA2 = {
						TestTargetID = 54EF29F91ABF204B00ED5EA2;
					};
				};
			};
			buildConfigurationList = 54EF29F51ABF204B00ED5EA2 /* Build configuration list for PBXProject "LocationAlarm" */;
			compatibilityVersion = "Xcode 3.2";
			developmentRegion = English;
			hasScannedForEncodings = 0;
			knownRegions = (
				en,
			);
			mainGroup = 54EF29F11ABF204B00ED5EA2;
			productRefGroup = 54EF29FB1ABF204B00ED5EA2 /* Products */;
			projectDirPath = "";
			projectRoot = "";
			targets = (
				54EF29F91ABF204B00ED5EA2 /* LocationAlarm */,
				54EF2A141ABF204C00ED5EA2 /* LocationAlarmTests */,
			);
		};
/* End PBXProject section */

/* Begin PBXResourcesBuildPhase section */
		54EF29F81ABF204B00ED5EA2 /* Resources */ = {
			isa = PBXResourcesBuildPhase;
			buildActionMask = 2147483647;
			files = (
				504998151AC13C0A0005307F /* img4.png in Resources */,
				504998161AC13C0A0005307F /* img1.png in Resources */,
				504998181AC13C250005307F /* img2.png in Resources */,
				54EF2B021ABF266A00ED5EA2 /* mapapi.bundle in Resources */,
				504998101AC13BFA0005307F /* img5.png in Resources */,
				54EF2A081ABF204B00ED5EA2 /* InfoPlist.strings in Resources */,
				5049980E1AC13BEE0005307F /* img6.png in Resources */,
				54EF2A101ABF204C00ED5EA2 /* Images.xcassets in Resources */,
				504998141AC13C0A0005307F /* img3.png in Resources */,
			);
			runOnlyForDeploymentPostprocessing = 0;
		};
		54EF2A131ABF204C00ED5EA2 /* Resources */ = {
			isa = PBXResourcesBuildPhase;
			buildActionMask = 2147483647;
			files = (
				54EF2A211ABF204C00ED5EA2 /* InfoPlist.strings in Resources */,
			);
			runOnlyForDeploymentPostprocessing = 0;
		};
/* End PBXResourcesBuildPhase section */

/* Begin PBXSourcesBuildPhase section */
		54EF29F61ABF204B00ED5EA2 /* Sources */ = {
			isa = PBXSourcesBuildPhase;
			buildActionMask = 2147483647;
			files = (
				504998041AC0F7650005307F /* SettingVC.m in Sources */,
				54EF2A0E1ABF204B00ED5EA2 /* AppDelegate.m in Sources */,
				504998011AC0F7300005307F /* TableVC.m in Sources */,
				5049980B1AC138E40005307F /* ImageUtil.m in Sources */,
				54EF2A2F1ABF21AE00ED5EA2 /* MapVC.mm in Sources */,
				54EF2A0A1ABF204B00ED5EA2 /* main.m in Sources */,
			);
			runOnlyForDeploymentPostprocessing = 0;
		};
		54EF2A111ABF204C00ED5EA2 /* Sources */ = {
			isa = PBXSourcesBuildPhase;
			buildActionMask = 2147483647;
			files = (
				54EF2A231ABF204C00ED5EA2 /* LocationAlarmTests.m in Sources */,
			);
			runOnlyForDeploymentPostprocessing = 0;
		};
/* End PBXSourcesBuildPhase section */

/* Begin PBXTargetDependency section */
		54EF2A1B1ABF204C00ED5EA2 /* PBXTargetDependency */ = {
			isa = PBXTargetDependency;
			target = 54EF29F91ABF204B00ED5EA2 /* LocationAlarm */;
			targetProxy = 54EF2A1A1ABF204C00ED5EA2 /* PBXContainerItemProxy */;
		};
/* End PBXTargetDependency section */

/* Begin PBXVariantGroup section */
		54EF2A061ABF204B00ED5EA2 /* InfoPlist.strings */ = {
			isa = PBXVariantGroup;
			children = (
				54EF2A071ABF204B00ED5EA2 /* en */,
			);
			name = InfoPlist.strings;
			sourceTree = "<group>";
		};
		54EF2A1F1ABF204C00ED5EA2 /* InfoPlist.strings */ = {
			isa = PBXVariantGroup;
			children = (
				54EF2A201ABF204C00ED5EA2 /* en */,
			);
			name = InfoPlist.strings;
			sourceTree = "<group>";
		};
/* End PBXVariantGroup section */

/* Begin XCBuildConfiguration section */
		54EF2A241ABF204C00ED5EA2 /* Debug */ = {
			isa = XCBuildConfiguration;
			buildSettings = {
				ALWAYS_SEARCH_USER_PATHS = NO;
				ARCHS = "$(ARCHS_STANDARD_INCLUDING_64_BIT)";
				CLANG_CXX_LANGUAGE_STANDARD = "gnu++0x";
				CLANG_CXX_LIBRARY = "libc++";
				CLANG_ENABLE_MODULES = YES;
				CLANG_ENABLE_OBJC_ARC = YES;
				CLANG_WARN_BOOL_CONVERSION = YES;
				CLANG_WARN_CONSTANT_CONVERSION = YES;
				CLANG_WARN_DIRECT_OBJC_ISA_USAGE = YES_ERROR;
				CLANG_WARN_EMPTY_BODY = YES;
				CLANG_WARN_ENUM_CONVERSION = YES;
				CLANG_WARN_INT_CONVERSION = YES;
				CLANG_WARN_OBJC_ROOT_CLASS = YES_ERROR;
				CLANG_WARN__DUPLICATE_METHOD_MATCH = YES;
				"CODE_SIGN_IDENTITY[sdk=iphoneos*]" = "iPhone Developer";
				COPY_PHASE_STRIP = NO;
				GCC_C_LANGUAGE_STANDARD = gnu99;
				GCC_DYNAMIC_NO_PIC = NO;
				GCC_OPTIMIZATION_LEVEL = 0;
				GCC_PREPROCESSOR_DEFINITIONS = (
					"DEBUG=1",
					"$(inherited)",
				);
				GCC_SYMBOLS_PRIVATE_EXTERN = NO;
				GCC_WARN_64_TO_32_BIT_CONVERSION = YES;
				GCC_WARN_ABOUT_RETURN_TYPE = YES_ERROR;
				GCC_WARN_UNDECLARED_SELECTOR = YES;
				GCC_WARN_UNINITIALIZED_AUTOS = YES;
				GCC_WARN_UNUSED_FUNCTION = YES;
				GCC_WARN_UNUSED_VARIABLE = YES;
				IPHONEOS_DEPLOYMENT_TARGET = 7.0;
				ONLY_ACTIVE_ARCH = YES;
				SDKROOT = iphoneos;
			};
			name = Debug;
		};
		54EF2A251ABF204C00ED5EA2 /* Release */ = {
			isa = XCBuildConfiguration;
			buildSettings = {
				ALWAYS_SEARCH_USER_PATHS = NO;
				ARCHS = "$(ARCHS_STANDARD_INCLUDING_64_BIT)";
				CLANG_CXX_LANGUAGE_STANDARD = "gnu++0x";
				CLANG_CXX_LIBRARY = "libc++";
				CLANG_ENABLE_MODULES = YES;
				CLANG_ENABLE_OBJC_ARC = YES;
				CLANG_WARN_BOOL_CONVERSION = YES;
				CLANG_WARN_CONSTANT_CONVERSION = YES;
				CLANG_WARN_DIRECT_OBJC_ISA_USAGE = YES_ERROR;
				CLANG_WARN_EMPTY_BODY = YES;
				CLANG_WARN_ENUM_CONVERSION = YES;
				CLANG_WARN_INT_CONVERSION = YES;
				CLANG_WARN_OBJC_ROOT_CLASS = YES_ERROR;
				CLANG_WARN__DUPLICATE_METHOD_MATCH = YES;
				"CODE_SIGN_IDENTITY[sdk=iphoneos*]" = "iPhone Developer";
				COPY_PHASE_STRIP = YES;
				ENABLE_NS_ASSERTIONS = NO;
				GCC_C_LANGUAGE_STANDARD = gnu99;
				GCC_WARN_64_TO_32_BIT_CONVERSION = YES;
				GCC_WARN_ABOUT_RETURN_TYPE = YES_ERROR;
				GCC_WARN_UNDECLARED_SELECTOR = YES;
				GCC_WARN_UNINITIALIZED_AUTOS = YES;
				GCC_WARN_UNUSED_FUNCTION = YES;
				GCC_WARN_UNUSED_VARIABLE = YES;
				IPHONEOS_DEPLOYMENT_TARGET = 7.0;
				SDKROOT = iphoneos;
				VALIDATE_PRODUCT = YES;
			};
			name = Release;
		};
		54EF2A271ABF204C00ED5EA2 /* Debug */ = {
			isa = XCBuildConfiguration;
			buildSettings = {
				ASSETCATALOG_COMPILER_APPICON_NAME = AppIcon;
				ASSETCATALOG_COMPILER_LAUNCHIMAGE_NAME = LaunchImage;
				GCC_PRECOMPILE_PREFIX_HEADER = YES;
				GCC_PREFIX_HEADER = "LocationAlarm/LocationAlarm-Prefix.pch";
				INFOPLIST_FILE = "LocationAlarm/LocationAlarm-Info.plist";
				LIBRARY_SEARCH_PATHS = (
					"$(inherited)",
					/file/githubProject/ios/locationAlarm/LocationAlarm/LocationAlarm/BaiduMap,
				);
				PRODUCT_NAME = "$(TARGET_NAME)";
				SDKROOT = iphoneos8.2;
				WRAPPER_EXTENSION = app;
			};
			name = Debug;
		};
		54EF2A281ABF204C00ED5EA2 /* Release */ = {
			isa = XCBuildConfiguration;
			buildSettings = {
				ASSETCATALOG_COMPILER_APPICON_NAME = AppIcon;
				ASSETCATALOG_COMPILER_LAUNCHIMAGE_NAME = LaunchImage;
				GCC_PRECOMPILE_PREFIX_HEADER = YES;
				GCC_PREFIX_HEADER = "LocationAlarm/LocationAlarm-Prefix.pch";
				INFOPLIST_FILE = "LocationAlarm/LocationAlarm-Info.plist";
				LIBRARY_SEARCH_PATHS = (
					"$(inherited)",
					/file/githubProject/ios/locationAlarm/LocationAlarm/LocationAlarm/BaiduMap,
				);
				PRODUCT_NAME = "$(TARGET_NAME)";
				SDKROOT = iphoneos8.2;
				WRAPPER_EXTENSION = app;
			};
			name = Release;
		};
		54EF2A2A1ABF204C00ED5EA2 /* Debug */ = {
			isa = XCBuildConfiguration;
			buildSettings = {
				ARCHS = "$(ARCHS_STANDARD_INCLUDING_64_BIT)";
				BUNDLE_LOADER = "$(BUILT_PRODUCTS_DIR)/LocationAlarm.app/LocationAlarm";
				FRAMEWORK_SEARCH_PATHS = (
					"$(SDKROOT)/Developer/Library/Frameworks",
					"$(inherited)",
					"$(DEVELOPER_FRAMEWORKS_DIR)",
				);
				GCC_PRECOMPILE_PREFIX_HEADER = YES;
				GCC_PREFIX_HEADER = "LocationAlarm/LocationAlarm-Prefix.pch";
				GCC_PREPROCESSOR_DEFINITIONS = (
					"DEBUG=1",
					"$(inherited)",
				);
				INFOPLIST_FILE = "LocationAlarmTests/LocationAlarmTests-Info.plist";
				PRODUCT_NAME = "$(TARGET_NAME)";
				TEST_HOST = "$(BUNDLE_LOADER)";
				WRAPPER_EXTENSION = xctest;
			};
			name = Debug;
		};
		54EF2A2B1ABF204C00ED5EA2 /* Release */ = {
			isa = XCBuildConfiguration;
			buildSettings = {
				ARCHS = "$(ARCHS_STANDARD_INCLUDING_64_BIT)";
				BUNDLE_LOADER = "$(BUILT_PRODUCTS_DIR)/LocationAlarm.app/LocationAlarm";
				FRAMEWORK_SEARCH_PATHS = (
					"$(SDKROOT)/Developer/Library/Frameworks",
					"$(inherited)",
					"$(DEVELOPER_FRAMEWORKS_DIR)",
				);
				GCC_PRECOMPILE_PREFIX_HEADER = YES;
				GCC_PREFIX_HEADER = "LocationAlarm/LocationAlarm-Prefix.pch";
				INFOPLIST_FILE = "LocationAlarmTests/LocationAlarmTests-Info.plist";
				PRODUCT_NAME = "$(TARGET_NAME)";
				TEST_HOST = "$(BUNDLE_LOADER)";
				WRAPPER_EXTENSION = xctest;
			};
			name = Release;
		};
/* End XCBuildConfiguration section */

/* Begin XCConfigurationList section */
		54EF29F51ABF204B00ED5EA2 /* Build configuration list for PBXProject "LocationAlarm" */ = {
			isa = XCConfigurationList;
			buildConfigurations = (
				54EF2A241ABF204C00ED5EA2 /* Debug */,
				54EF2A251ABF204C00ED5EA2 /* Release */,
			);
			defaultConfigurationIsVisible = 0;
			defaultConfigurationName = Release;
		};
		54EF2A261ABF204C00ED5EA2 /* Build configuration list for PBXNativeTarget "LocationAlarm" */ = {
			isa = XCConfigurationList;
			buildConfigurations = (
				54EF2A271ABF204C00ED5EA2 /* Debug */,
				54EF2A281ABF204C00ED5EA2 /* Release */,
			);
			defaultConfigurationIsVisible = 0;
			defaultConfigurationName = Release;
		};
		54EF2A291ABF204C00ED5EA2 /* Build configuration list for PBXNativeTarget "LocationAlarmTests" */ = {
			isa = XCConfigurationList;
			buildConfigurations = (
				54EF2A2A1ABF204C00ED5EA2 /* Debug */,
				54EF2A2B1ABF204C00ED5EA2 /* Release */,
			);
			defaultConfigurationIsVisible = 0;
			defaultConfigurationName = Release;
		};
/* End XCConfigurationList section */
	};
	rootObject = 54EF29F21ABF204B00ED5EA2 /* Project object */;
}
